
Microsoft Visual Studio Solution File, Format Version 12.00
# Visual Studio 15
VisualStudioVersion = 15.0.27703.2026
MinimumVisualStudioVersion = 10.0.40219.1
Project("{FAE04EC0-301F-11D3-BF4B-00C04F79EFBC}") = "S3Download", "S3Download\S3Download.csproj", "{F040D9DE-C2D0-4242-B3C5-6CA7A50817F6}"
EndProject
Global
	GlobalSection(SolutionConfigurationPlatforms) = preSolution
		Debug|Any CPU = Debug|Any CPU
		Release|Any CPU = Release|Any CPU
	EndGlobalSection
	GlobalSection(ProjectConfigurationPlatforms) = postSolution
		{F040D9DE-C2D0-4242-B3C5-6CA7A50817F6}.Debug|Any CPU.ActiveCfg = Debug|Any CPU
		{F040D9DE-C2D0-4242-B3C5-6CA7A50817F6}.Debug|Any CPU.Build.0 = Debug|Any CPU
		{F040D9DE-C2D0-4242-B3C5-6CA7A50817F6}.Release|Any CPU.ActiveCfg = Release|Any CPU
		{F040D9DE-C2D0-4242-B3C5-6CA7A50817F6}.Release|Any CPU.Build.0 = Release|Any CPU
	EndGlobalSection
	GlobalSection(SolutionProperties) = preSolution
		HideSolutionNode = FALSE
	EndGlobalSection
	GlobalSection(ExtensibilityGlobals) = postSolution
		SolutionGuid = {24750F92-F815-41B1-A95B-7CA2567EFF58}
	EndGlobalSection
EndGlobal
